
Microsoft Visual Studio Solution File, Format Version 12.00
# Visual Studio 2013
VisualStudioVersion = 12.0.20623.1 VSUPREVIEW
MinimumVisualStudioVersion = 10.0.40219.1
Project("{FAE04EC0-301F-11D3-BF4B-00C04F79EFBC}") = "BitcoinCharts", "BitcoinCharts\BitcoinCharts.csproj", "{211F279E-0E09-4A5D-9E9A-718ADC8E1EB1}"
EndProject
Project("{2150E333-8FDC-42A3-9474-1A3956D46DE8}") = ".nuget", ".nuget", "{77499A07-5588-4642-9839-9627F22C97DD}"
	ProjectSection(SolutionItems) = preProject
		.nuget\NuGet.Config = .nuget\NuGet.Config
		.nuget\NuGet.exe = .nuget\NuGet.exe
		.nuget\NuGet.targets = .nuget\NuGet.targets
	EndProjectSection
EndProject
Project("{FAE04EC0-301F-11D3-BF4B-00C04F79EFBC}") = "Sandbox", "Sandbox\Sandbox.csproj", "{89D461C0-567F-444A-8F48-DADC0498B5A8}"
EndProject
Global
	GlobalSection(SolutionConfigurationPlatforms) = preSolution
		Debug|Any CPU = Debug|Any CPU
		Release|Any CPU = Release|Any CPU
	EndGlobalSection
	GlobalSection(ProjectConfigurationPlatforms) = postSolution
		{211F279E-0E09-4A5D-9E9A-718ADC8E1EB1}.Debug|Any CPU.ActiveCfg = Debug|Any CPU
		{211F279E-0E09-4A5D-9E9A-718ADC8E1EB1}.Debug|Any CPU.Build.0 = Debug|Any CPU
		{211F279E-0E09-4A5D-9E9A-718ADC8E1EB1}.Release|Any CPU.ActiveCfg = Release|Any CPU
		{211F279E-0E09-4A5D-9E9A-718ADC8E1EB1}.Release|Any CPU.Build.0 = Release|Any CPU
		{89D461C0-567F-444A-8F48-DADC0498B5A8}.Debug|Any CPU.ActiveCfg = Debug|Any CPU
		{89D461C0-567F-444A-8F48-DADC0498B5A8}.Debug|Any CPU.Build.0 = Debug|Any CPU
		{89D461C0-567F-444A-8F48-DADC0498B5A8}.Release|Any CPU.ActiveCfg = Release|Any CPU
		{89D461C0-567F-444A-8F48-DADC0498B5A8}.Release|Any CPU.Build.0 = Release|Any CPU
	EndGlobalSection
	GlobalSection(SolutionProperties) = preSolution
		HideSolutionNode = FALSE
	EndGlobalSection
EndGlobal
